// !$*UTF8*$!
{
	archiveVersion = 1;
	classes = {
	};
	objectVersion = 50;
	objects = {

/* Begin PBXBuildFile section */
		8E3EAEC12533B4050067F198 /* NewsImageView.swift in Sources */ = {isa = PBXBuildFile; fileRef = 8E3EAEC02533B4050067F198 /* NewsImageView.swift */; };
		8E3EAF54253600A50067F198 /* PageViewController.swift in Sources */ = {isa = PBXBuildFile; fileRef = 8E3EAF53253600A50067F198 /* PageViewController.swift */; };
		8E3EAF57253600BC0067F198 /* PagePresenter.swift in Sources */ = {isa = PBXBuildFile; fileRef = 8E3EAF56253600BC0067F198 /* PagePresenter.swift */; };
		8E3EAF5A253600D10067F198 /* PageInteractor.swift in Sources */ = {isa = PBXBuildFile; fileRef = 8E3EAF59253600D10067F198 /* PageInteractor.swift */; };
		8E3EAF5D253600E60067F198 /* PageConfigurator.swift in Sources */ = {isa = PBXBuildFile; fileRef = 8E3EAF5C253600E60067F198 /* PageConfigurator.swift */; };
		8E3EAF60253600F60067F198 /* PageRouter.swift in Sources */ = {isa = PBXBuildFile; fileRef = 8E3EAF5F253600F60067F198 /* PageRouter.swift */; };
		8E650ECB252DCCB4001CE933 /* AppDelegate.swift in Sources */ = {isa = PBXBuildFile; fileRef = 8E650ECA252DCCB4001CE933 /* AppDelegate.swift */; };
		8E650ECD252DCCB4001CE933 /* SceneDelegate.swift in Sources */ = {isa = PBXBuildFile; fileRef = 8E650ECC252DCCB4001CE933 /* SceneDelegate.swift */; };
		8E650ED4252DCCB9001CE933 /* Assets.xcassets in Resources */ = {isa = PBXBuildFile; fileRef = 8E650ED3252DCCB9001CE933 /* Assets.xcassets */; };
		8E650ED7252DCCB9001CE933 /* LaunchScreen.storyboard in Resources */ = {isa = PBXBuildFile; fileRef = 8E650ED5252DCCB9001CE933 /* LaunchScreen.storyboard */; };
		8E650EE0252DCD01001CE933 /* AboutViewController.swift in Sources */ = {isa = PBXBuildFile; fileRef = 8E650EDF252DCD01001CE933 /* AboutViewController.swift */; };
		8E650EE3252DCD1F001CE933 /* AboutConfigurator.swift in Sources */ = {isa = PBXBuildFile; fileRef = 8E650EE2252DCD1F001CE933 /* AboutConfigurator.swift */; };
		8E650EE8252DCE82001CE933 /* AboutPresenter.swift in Sources */ = {isa = PBXBuildFile; fileRef = 8E650EE7252DCE82001CE933 /* AboutPresenter.swift */; };
		8E650EEB252DD05B001CE933 /* AbouRouter.swift in Sources */ = {isa = PBXBuildFile; fileRef = 8E650EEA252DD05B001CE933 /* AbouRouter.swift */; };
		8E650EEE252DD2BE001CE933 /* AboutInteractor.swift in Sources */ = {isa = PBXBuildFile; fileRef = 8E650EED252DD2BE001CE933 /* AboutInteractor.swift */; };
		8E650EF1252DDD40001CE933 /* AboutServerService.swift in Sources */ = {isa = PBXBuildFile; fileRef = 8E650EF0252DDD40001CE933 /* AboutServerService.swift */; };
		8E650EF5252DEBE5001CE933 /* TitleLabelsModel.swift in Sources */ = {isa = PBXBuildFile; fileRef = 8E650EF4252DEBE5001CE933 /* TitleLabelsModel.swift */; };
		8E650EFA252E3702001CE933 /* MainViewController.swift in Sources */ = {isa = PBXBuildFile; fileRef = 8E650EF9252E3702001CE933 /* MainViewController.swift */; };
		8E650EFD252E3714001CE933 /* MainPresenter.swift in Sources */ = {isa = PBXBuildFile; fileRef = 8E650EFC252E3714001CE933 /* MainPresenter.swift */; };
		8E650F00252E3725001CE933 /* MainInteractor.swift in Sources */ = {isa = PBXBuildFile; fileRef = 8E650EFF252E3725001CE933 /* MainInteractor.swift */; };
		8E650F03252E3737001CE933 /* MainConfigurator.swift in Sources */ = {isa = PBXBuildFile; fileRef = 8E650F02252E3737001CE933 /* MainConfigurator.swift */; };
		8E650F07252E3752001CE933 /* MainRouter.swift in Sources */ = {isa = PBXBuildFile; fileRef = 8E650F06252E3752001CE933 /* MainRouter.swift */; };
		8E650F0E252E697E001CE933 /* NavigationViewController.swift in Sources */ = {isa = PBXBuildFile; fileRef = 8E650F0D252E697E001CE933 /* NavigationViewController.swift */; };
		8E650F1E25305D0D001CE933 /* MainTableViewCell.swift in Sources */ = {isa = PBXBuildFile; fileRef = 8E650F1D25305D0D001CE933 /* MainTableViewCell.swift */; };
		8E650F22253060F1001CE933 /* MainServerService.swift in Sources */ = {isa = PBXBuildFile; fileRef = 8E650F21253060F1001CE933 /* MainServerService.swift */; };
		8E650F2525307163001CE933 /* News.swift in Sources */ = {isa = PBXBuildFile; fileRef = 8E650F2425307163001CE933 /* News.swift */; };
/* End PBXBuildFile section */

/* Begin PBXFileReference section */
		8E3EAEC02533B4050067F198 /* NewsImageView.swift */ = {isa = PBXFileReference; lastKnownFileType = sourcecode.swift; path = NewsImageView.swift; sourceTree = "<group>"; };
		8E3EAF53253600A50067F198 /* PageViewController.swift */ = {isa = PBXFileReference; lastKnownFileType = sourcecode.swift; path = PageViewController.swift; sourceTree = "<group>"; };
		8E3EAF56253600BC0067F198 /* PagePresenter.swift */ = {isa = PBXFileReference; lastKnownFileType = sourcecode.swift; path = PagePresenter.swift; sourceTree = "<group>"; };
		8E3EAF59253600D10067F198 /* PageInteractor.swift */ = {isa = PBXFileReference; lastKnownFileType = sourcecode.swift; path = PageInteractor.swift; sourceTree = "<group>"; };
		8E3EAF5C253600E60067F198 /* PageConfigurator.swift */ = {isa = PBXFileReference; lastKnownFileType = sourcecode.swift; path = PageConfigurator.swift; sourceTree = "<group>"; };
		8E3EAF5F253600F60067F198 /* PageRouter.swift */ = {isa = PBXFileReference; lastKnownFileType = sourcecode.swift; path = PageRouter.swift; sourceTree = "<group>"; };
		8E650EC7252DCCB4001CE933 /* My news.app */ = {isa = PBXFileReference; explicitFileType = wrapper.application; includeInIndex = 0; path = "My news.app"; sourceTree = BUILT_PRODUCTS_DIR; };
		8E650ECA252DCCB4001CE933 /* AppDelegate.swift */ = {isa = PBXFileReference; lastKnownFileType = sourcecode.swift; path = AppDelegate.swift; sourceTree = "<group>"; };
		8E650ECC252DCCB4001CE933 /* SceneDelegate.swift */ = {isa = PBXFileReference; lastKnownFileType = sourcecode.swift; path = SceneDelegate.swift; sourceTree = "<group>"; };
		8E650ED3252DCCB9001CE933 /* Assets.xcassets */ = {isa = PBXFileReference; lastKnownFileType = folder.assetcatalog; path = Assets.xcassets; sourceTree = "<group>"; };
		8E650ED6252DCCB9001CE933 /* Base */ = {isa = PBXFileReference; lastKnownFileType = file.storyboard; name = Base; path = Base.lproj/LaunchScreen.storyboard; sourceTree = "<group>"; };
		8E650ED8252DCCB9001CE933 /* Info.plist */ = {isa = PBXFileReference; lastKnownFileType = text.plist.xml; path = Info.plist; sourceTree = "<group>"; };
		8E650EDF252DCD01001CE933 /* AboutViewController.swift */ = {isa = PBXFileReference; lastKnownFileType = sourcecode.swift; path = AboutViewController.swift; sourceTree = "<group>"; };
		8E650EE2252DCD1F001CE933 /* AboutConfigurator.swift */ = {isa = PBXFileReference; lastKnownFileType = sourcecode.swift; path = AboutConfigurator.swift; sourceTree = "<group>"; };
		8E650EE7252DCE82001CE933 /* AboutPresenter.swift */ = {isa = PBXFileReference; lastKnownFileType = sourcecode.swift; path = AboutPresenter.swift; sourceTree = "<group>"; };
		8E650EEA252DD05B001CE933 /* AbouRouter.swift */ = {isa = PBXFileReference; lastKnownFileType = sourcecode.swift; path = AbouRouter.swift; sourceTree = "<group>"; };
		8E650EED252DD2BE001CE933 /* AboutInteractor.swift */ = {isa = PBXFileReference; lastKnownFileType = sourcecode.swift; path = AboutInteractor.swift; sourceTree = "<group>"; };
		8E650EF0252DDD40001CE933 /* AboutServerService.swift */ = {isa = PBXFileReference; lastKnownFileType = sourcecode.swift; path = AboutServerService.swift; sourceTree = "<group>"; };
		8E650EF4252DEBE5001CE933 /* TitleLabelsModel.swift */ = {isa = PBXFileReference; lastKnownFileType = sourcecode.swift; path = TitleLabelsModel.swift; sourceTree = "<group>"; };
		8E650EF9252E3702001CE933 /* MainViewController.swift */ = {isa = PBXFileReference; lastKnownFileType = sourcecode.swift; path = MainViewController.swift; sourceTree = "<group>"; };
		8E650EFC252E3714001CE933 /* MainPresenter.swift */ = {isa = PBXFileReference; lastKnownFileType = sourcecode.swift; path = MainPresenter.swift; sourceTree = "<group>"; };
		8E650EFF252E3725001CE933 /* MainInteractor.swift */ = {isa = PBXFileReference; lastKnownFileType = sourcecode.swift; path = MainInteractor.swift; sourceTree = "<group>"; };
		8E650F02252E3737001CE933 /* MainConfigurator.swift */ = {isa = PBXFileReference; lastKnownFileType = sourcecode.swift; path = MainConfigurator.swift; sourceTree = "<group>"; };
		8E650F06252E3752001CE933 /* MainRouter.swift */ = {isa = PBXFileReference; lastKnownFileType = sourcecode.swift; path = MainRouter.swift; sourceTree = "<group>"; };
		8E650F0D252E697E001CE933 /* NavigationViewController.swift */ = {isa = PBXFileReference; lastKnownFileType = sourcecode.swift; path = NavigationViewController.swift; sourceTree = "<group>"; };
		8E650F1D25305D0D001CE933 /* MainTableViewCell.swift */ = {isa = PBXFileReference; lastKnownFileType = sourcecode.swift; path = MainTableViewCell.swift; sourceTree = "<group>"; };
		8E650F21253060F1001CE933 /* MainServerService.swift */ = {isa = PBXFileReference; lastKnownFileType = sourcecode.swift; path = MainServerService.swift; sourceTree = "<group>"; };
		8E650F2425307163001CE933 /* News.swift */ = {isa = PBXFileReference; lastKnownFileType = sourcecode.swift; path = News.swift; sourceTree = "<group>"; };
/* End PBXFileReference section */

/* Begin PBXFrameworksBuildPhase section */
		8E650EC4252DCCB4001CE933 /* Frameworks */ = {
			isa = PBXFrameworksBuildPhase;
			buildActionMask = 2147483647;
			files = (
			);
			runOnlyForDeploymentPostprocessing = 0;
		};
/* End PBXFrameworksBuildPhase section */

/* Begin PBXGroup section */
		8E3EAF502535FB5F0067F198 /* Page module */ = {
			isa = PBXGroup;
			children = (
				8E3EAF53253600A50067F198 /* PageViewController.swift */,
				8E3EAF56253600BC0067F198 /* PagePresenter.swift */,
				8E3EAF59253600D10067F198 /* PageInteractor.swift */,
				8E3EAF5C253600E60067F198 /* PageConfigurator.swift */,
				8E3EAF5F253600F60067F198 /* PageRouter.swift */,
			);
			path = "Page module";
			sourceTree = "<group>";
		};
		8E650EBE252DCCB4001CE933 = {
			isa = PBXGroup;
			children = (
				8E650EC9252DCCB4001CE933 /* My news */,
				8E650EC8252DCCB4001CE933 /* Products */,
			);
			sourceTree = "<group>";
		};
		8E650EC8252DCCB4001CE933 /* Products */ = {
			isa = PBXGroup;
			children = (
				8E650EC7252DCCB4001CE933 /* My news.app */,
			);
			name = Products;
			sourceTree = "<group>";
		};
		8E650EC9252DCCB4001CE933 /* My news */ = {
			isa = PBXGroup;
			children = (
				8E650ECA252DCCB4001CE933 /* AppDelegate.swift */,
				8E650ECC252DCCB4001CE933 /* SceneDelegate.swift */,
				8E650ED3252DCCB9001CE933 /* Assets.xcassets */,
				8E650ED5252DCCB9001CE933 /* LaunchScreen.storyboard */,
				8E650ED8252DCCB9001CE933 /* Info.plist */,
				8E650F0D252E697E001CE933 /* NavigationViewController.swift */,
				8E650F2A2530CF11001CE933 /* Entities */,
				8E650F2D2530D00E001CE933 /* Services */,
				8E3EAF502535FB5F0067F198 /* Page module */,
				8E650EF8252E36AC001CE933 /* Main module */,
				8E650EE5252DCE3F001CE933 /* About module */,
			);
			path = "My news";
			sourceTree = "<group>";
		};
		8E650EE5252DCE3F001CE933 /* About module */ = {
			isa = PBXGroup;
			children = (
				8E650EDF252DCD01001CE933 /* AboutViewController.swift */,
				8E650EE7252DCE82001CE933 /* AboutPresenter.swift */,
				8E650EED252DD2BE001CE933 /* AboutInteractor.swift */,
				8E650EE2252DCD1F001CE933 /* AboutConfigurator.swift */,
				8E650EEA252DD05B001CE933 /* AbouRouter.swift */,
				8E650EF4252DEBE5001CE933 /* TitleLabelsModel.swift */,
			);
			path = "About module";
			sourceTree = "<group>";
		};
		8E650EF8252E36AC001CE933 /* Main module */ = {
			isa = PBXGroup;
			children = (
				8E650F1A252F7449001CE933 /* Main models */,
				8E650EF9252E3702001CE933 /* MainViewController.swift */,
				8E650EFC252E3714001CE933 /* MainPresenter.swift */,
				8E650EFF252E3725001CE933 /* MainInteractor.swift */,
				8E650F02252E3737001CE933 /* MainConfigurator.swift */,
				8E650F06252E3752001CE933 /* MainRouter.swift */,
			);
			path = "Main module";
			sourceTree = "<group>";
		};
		8E650F1A252F7449001CE933 /* Main models */ = {
			isa = PBXGroup;
			children = (
				8E650F1D25305D0D001CE933 /* MainTableViewCell.swift */,
				8E3EAEC02533B4050067F198 /* NewsImageView.swift */,
			);
			path = "Main models";
			sourceTree = "<group>";
		};
		8E650F2A2530CF11001CE933 /* Entities */ = {
			isa = PBXGroup;
			children = (
				8E650F2425307163001CE933 /* News.swift */,
			);
			path = Entities;
			sourceTree = "<group>";
		};
		8E650F2D2530D00E001CE933 /* Services */ = {
			isa = PBXGroup;
			children = (
				8E650F21253060F1001CE933 /* MainServerService.swift */,
				8E650EF0252DDD40001CE933 /* AboutServerService.swift */,
			);
			path = Services;
			sourceTree = "<group>";
		};
/* End PBXGroup section */

/* Begin PBXNativeTarget section */
		8E650EC6252DCCB4001CE933 /* My news */ = {
			isa = PBXNativeTarget;
			buildConfigurationList = 8E650EDB252DCCB9001CE933 /* Build configuration list for PBXNativeTarget "My news" */;
			buildPhases = (
				8E650EC3252DCCB4001CE933 /* Sources */,
				8E650EC4252DCCB4001CE933 /* Frameworks */,
				8E650EC5252DCCB4001CE933 /* Resources */,
			);
			buildRules = (
			);
			dependencies = (
			);
			name = "My news";
			productName = "Currency value";
			productReference = 8E650EC7252DCCB4001CE933 /* My news.app */;
			productType = "com.apple.product-type.application";
		};
/* End PBXNativeTarget section */

/* Begin PBXProject section */
		8E650EBF252DCCB4001CE933 /* Project object */ = {
			isa = PBXProject;
			attributes = {
				LastSwiftUpdateCheck = 1200;
				LastUpgradeCheck = 1200;
				TargetAttributes = {
					8E650EC6252DCCB4001CE933 = {
						CreatedOnToolsVersion = 12.0.1;
					};
				};
			};
			buildConfigurationList = 8E650EC2252DCCB4001CE933 /* Build configuration list for PBXProject "My news" */;
			compatibilityVersion = "Xcode 9.3";
			developmentRegion = en;
			hasScannedForEncodings = 0;
			knownRegions = (
				en,
				Base,
			);
			mainGroup = 8E650EBE252DCCB4001CE933;
			productRefGroup = 8E650EC8252DCCB4001CE933 /* Products */;
			projectDirPath = "";
			projectRoot = "";
			targets = (
				8E650EC6252DCCB4001CE933 /* My news */,
			);
		};
/* End PBXProject section */

/* Begin PBXResourcesBuildPhase section */
		8E650EC5252DCCB4001CE933 /* Resources */ = {
			isa = PBXResourcesBuildPhase;
			buildActionMask = 2147483647;
			files = (
				8E650ED7252DCCB9001CE933 /* LaunchScreen.storyboard in Resources */,
				8E650ED4252DCCB9001CE933 /* Assets.xcassets in Resources */,
			);
			runOnlyForDeploymentPostprocessing = 0;
		};
/* End PBXResourcesBuildPhase section */

/* Begin PBXSourcesBuildPhase section */
		8E650EC3252DCCB4001CE933 /* Sources */ = {
			isa = PBXSourcesBuildPhase;
			buildActionMask = 2147483647;
			files = (
				8E3EAF5D253600E60067F198 /* PageConfigurator.swift in Sources */,
				8E650EE8252DCE82001CE933 /* AboutPresenter.swift in Sources */,
				8E650EFA252E3702001CE933 /* MainViewController.swift in Sources */,
				8E650ECB252DCCB4001CE933 /* AppDelegate.swift in Sources */,
				8E650EE0252DCD01001CE933 /* AboutViewController.swift in Sources */,
				8E650F07252E3752001CE933 /* MainRouter.swift in Sources */,
				8E650EEB252DD05B001CE933 /* AbouRouter.swift in Sources */,
				8E650EE3252DCD1F001CE933 /* AboutConfigurator.swift in Sources */,
				8E650F0E252E697E001CE933 /* NavigationViewController.swift in Sources */,
				8E3EAF60253600F60067F198 /* PageRouter.swift in Sources */,
				8E3EAEC12533B4050067F198 /* NewsImageView.swift in Sources */,
				8E650EFD252E3714001CE933 /* MainPresenter.swift in Sources */,
				8E650EEE252DD2BE001CE933 /* AboutInteractor.swift in Sources */,
				8E3EAF54253600A50067F198 /* PageViewController.swift in Sources */,
				8E650F1E25305D0D001CE933 /* MainTableViewCell.swift in Sources */,
				8E650ECD252DCCB4001CE933 /* SceneDelegate.swift in Sources */,
				8E650F2525307163001CE933 /* News.swift in Sources */,
				8E3EAF57253600BC0067F198 /* PagePresenter.swift in Sources */,
				8E650EF1252DDD40001CE933 /* AboutServerService.swift in Sources */,
				8E3EAF5A253600D10067F198 /* PageInteractor.swift in Sources */,
				8E650EF5252DEBE5001CE933 /* TitleLabelsModel.swift in Sources */,
				8E650F00252E3725001CE933 /* MainInteractor.swift in Sources */,
				8E650F22253060F1001CE933 /* MainServerService.swift in Sources */,
				8E650F03252E3737001CE933 /* MainConfigurator.swift in Sources */,
			);
			runOnlyForDeploymentPostprocessing = 0;
		};
/* End PBXSourcesBuildPhase section */

/* Begin PBXVariantGroup section */
		8E650ED5252DCCB9001CE933 /* LaunchScreen.storyboard */ = {
			isa = PBXVariantGroup;
			children = (
				8E650ED6252DCCB9001CE933 /* Base */,
			);
			name = LaunchScreen.storyboard;
			sourceTree = "<group>";
		};
/* End PBXVariantGroup section */

/* Begin XCBuildConfiguration section */
		8E650ED9252DCCB9001CE933 /* Debug */ = {
			isa = XCBuildConfiguration;
			buildSettings = {
				ALWAYS_SEARCH_USER_PATHS = NO;
				CLANG_ANALYZER_NONNULL = YES;
				CLANG_ANALYZER_NUMBER_OBJECT_CONVERSION = YES_AGGRESSIVE;
				CLANG_CXX_LANGUAGE_STANDARD = "gnu++14";
				CLANG_CXX_LIBRARY = "libc++";
				CLANG_ENABLE_MODULES = YES;
				CLANG_ENABLE_OBJC_ARC = YES;
				CLANG_ENABLE_OBJC_WEAK = YES;
				CLANG_WARN_BLOCK_CAPTURE_AUTORELEASING = YES;
				CLANG_WARN_BOOL_CONVERSION = YES;
				CLANG_WARN_COMMA = YES;
				CLANG_WARN_CONSTANT_CONVERSION = YES;
				CLANG_WARN_DEPRECATED_OBJC_IMPLEMENTATIONS = YES;
				CLANG_WARN_DIRECT_OBJC_ISA_USAGE = YES_ERROR;
				CLANG_WARN_DOCUMENTATION_COMMENTS = YES;
				CLANG_WARN_EMPTY_BODY = YES;
				CLANG_WARN_ENUM_CONVERSION = YES;
				CLANG_WARN_INFINITE_RECURSION = YES;
				CLANG_WARN_INT_CONVERSION = YES;
				CLANG_WARN_NON_LITERAL_NULL_CONVERSION = YES;
				CLANG_WARN_OBJC_IMPLICIT_RETAIN_SELF = YES;
				CLANG_WARN_OBJC_LITERAL_CONVERSION = YES;
				CLANG_WARN_OBJC_ROOT_CLASS = YES_ERROR;
				CLANG_WARN_QUOTED_INCLUDE_IN_FRAMEWORK_HEADER = YES;
				CLANG_WARN_RANGE_LOOP_ANALYSIS = YES;
				CLANG_WARN_STRICT_PROTOTYPES = YES;
				CLANG_WARN_SUSPICIOUS_MOVE = YES;
				CLANG_WARN_UNGUARDED_AVAILABILITY = YES_AGGRESSIVE;
				CLANG_WARN_UNREACHABLE_CODE = YES;
				CLANG_WARN__DUPLICATE_METHOD_MATCH = YES;
				COPY_PHASE_STRIP = NO;
				DEBUG_INFORMATION_FORMAT = dwarf;
				ENABLE_STRICT_OBJC_MSGSEND = YES;
				ENABLE_TESTABILITY = YES;
				GCC_C_LANGUAGE_STANDARD = gnu11;
				GCC_DYNAMIC_NO_PIC = NO;
				GCC_NO_COMMON_BLOCKS = YES;
				GCC_OPTIMIZATION_LEVEL = 0;
				GCC_PREPROCESSOR_DEFINITIONS = (
					"DEBUG=1",
					"$(inherited)",
				);
				GCC_WARN_64_TO_32_BIT_CONVERSION = YES;
				GCC_WARN_ABOUT_RETURN_TYPE = YES_ERROR;
				GCC_WARN_UNDECLARED_SELECTOR = YES;
				GCC_WARN_UNINITIALIZED_AUTOS = YES_AGGRESSIVE;
				GCC_WARN_UNUSED_FUNCTION = YES;
				GCC_WARN_UNUSED_VARIABLE = YES;
				IPHONEOS_DEPLOYMENT_TARGET = 14.0;
				MTL_ENABLE_DEBUG_INFO = INCLUDE_SOURCE;
				MTL_FAST_MATH = YES;
				ONLY_ACTIVE_ARCH = YES;
				SDKROOT = iphoneos;
				SWIFT_ACTIVE_COMPILATION_CONDITIONS = DEBUG;
				SWIFT_OPTIMIZATION_LEVEL = "-Onone";
			};
			name = Debug;
		};
		8E650EDA252DCCB9001CE933 /* Release */ = {
			isa = XCBuildConfiguration;
			buildSettings = {
				ALWAYS_SEARCH_USER_PATHS = NO;
				CLANG_ANALYZER_NONNULL = YES;
				CLANG_ANALYZER_NUMBER_OBJECT_CONVERSION = YES_AGGRESSIVE;
				CLANG_CXX_LANGUAGE_STANDARD = "gnu++14";
				CLANG_CXX_LIBRARY = "libc++";
				CLANG_ENABLE_MODULES = YES;
				CLANG_ENABLE_OBJC_ARC = YES;
				CLANG_ENABLE_OBJC_WEAK = YES;
				CLANG_WARN_BLOCK_CAPTURE_AUTORELEASING = YES;
				CLANG_WARN_BOOL_CONVERSION = YES;
				CLANG_WARN_COMMA = YES;
				CLANG_WARN_CONSTANT_CONVERSION = YES;
				CLANG_WARN_DEPRECATED_OBJC_IMPLEMENTATIONS = YES;
				CLANG_WARN_DIRECT_OBJC_ISA_USAGE = YES_ERROR;
				CLANG_WARN_DOCUMENTATION_COMMENTS = YES;
				CLANG_WARN_EMPTY_BODY = YES;
				CLANG_WARN_ENUM_CONVERSION = YES;
				CLANG_WARN_INFINITE_RECURSION = YES;
				CLANG_WARN_INT_CONVERSION = YES;
				CLANG_WARN_NON_LITERAL_NULL_CONVERSION = YES;
				CLANG_WARN_OBJC_IMPLICIT_RETAIN_SELF = YES;
				CLANG_WARN_OBJC_LITERAL_CONVERSION = YES;
				CLANG_WARN_OBJC_ROOT_CLASS = YES_ERROR;
				CLANG_WARN_QUOTED_INCLUDE_IN_FRAMEWORK_HEADER = YES;
				CLANG_WARN_RANGE_LOOP_ANALYSIS = YES;
				CLANG_WARN_STRICT_PROTOTYPES = YES;
				CLANG_WARN_SUSPICIOUS_MOVE = YES;
				CLANG_WARN_UNGUARDED_AVAILABILITY = YES_AGGRESSIVE;
				CLANG_WARN_UNREACHABLE_CODE = YES;
				CLANG_WARN__DUPLICATE_METHOD_MATCH = YES;
				COPY_PHASE_STRIP = NO;
				DEBUG_INFORMATION_FORMAT = "dwarf-with-dsym";
				ENABLE_NS_ASSERTIONS = NO;
				ENABLE_STRICT_OBJC_MSGSEND = YES;
				GCC_C_LANGUAGE_STANDARD = gnu11;
				GCC_NO_COMMON_BLOCKS = YES;
				GCC_WARN_64_TO_32_BIT_CONVERSION = YES;
				GCC_WARN_ABOUT_RETURN_TYPE = YES_ERROR;
				GCC_WARN_UNDECLARED_SELECTOR = YES;
				GCC_WARN_UNINITIALIZED_AUTOS = YES_AGGRESSIVE;
				GCC_WARN_UNUSED_FUNCTION = YES;
				GCC_WARN_UNUSED_VARIABLE = YES;
				IPHONEOS_DEPLOYMENT_TARGET = 14.0;
				MTL_ENABLE_DEBUG_INFO = NO;
				MTL_FAST_MATH = YES;
				SDKROOT = iphoneos;
				SWIFT_COMPILATION_MODE = wholemodule;
				SWIFT_OPTIMIZATION_LEVEL = "-O";
				VALIDATE_PRODUCT = YES;
			};
			name = Release;
		};
		8E650EDC252DCCB9001CE933 /* Debug */ = {
			isa = XCBuildConfiguration;
			buildSettings = {
				ASSETCATALOG_COMPILER_APPICON_NAME = AppIcon;
				ASSETCATALOG_COMPILER_GLOBAL_ACCENT_COLOR_NAME = AccentColor;
				CODE_SIGN_STYLE = Automatic;
				DEVELOPMENT_TEAM = GAPK9VY2U9;
				INFOPLIST_FILE = "$(SRCROOT)/My news/Info.plist";
				LD_RUNPATH_SEARCH_PATHS = (
					"$(inherited)",
					"@executable_path/Frameworks",
				);
				PRODUCT_BUNDLE_IDENTIFIER = "ru.kaopu.My-news";
				PRODUCT_NAME = "$(TARGET_NAME)";
				SWIFT_VERSION = 5.0;
				TARGETED_DEVICE_FAMILY = "1,2";
			};
			name = Debug;
		};
		8E650EDD252DCCB9001CE933 /* Release */ = {
			isa = XCBuildConfiguration;
			buildSettings = {
				ASSETCATALOG_COMPILER_APPICON_NAME = AppIcon;
				ASSETCATALOG_COMPILER_GLOBAL_ACCENT_COLOR_NAME = AccentColor;
				CODE_SIGN_STYLE = Automatic;
				DEVELOPMENT_TEAM = GAPK9VY2U9;
				INFOPLIST_FILE = "$(SRCROOT)/My news/Info.plist";
				LD_RUNPATH_SEARCH_PATHS = (
					"$(inherited)",
					"@executable_path/Frameworks",
				);
				PRODUCT_BUNDLE_IDENTIFIER = "ru.kaopu.My-news";
				PRODUCT_NAME = "$(TARGET_NAME)";
				SWIFT_VERSION = 5.0;
				TARGETED_DEVICE_FAMILY = "1,2";
			};
			name = Release;
		};
/* End XCBuildConfiguration section */

/* Begin XCConfigurationList section */
		8E650EC2252DCCB4001CE933 /* Build configuration list for PBXProject "My news" */ = {
			isa = XCConfigurationList;
			buildConfigurations = (
				8E650ED9252DCCB9001CE933 /* Debug */,
				8E650EDA252DCCB9001CE933 /* Release */,
			);
			defaultConfigurationIsVisible = 0;
			defaultConfigurationName = Release;
		};
		8E650EDB252DCCB9001CE933 /* Build configuration list for PBXNativeTarget "My news" */ = {
			isa = XCConfigurationList;
			buildConfigurations = (
				8E650EDC252DCCB9001CE933 /* Debug */,
				8E650EDD252DCCB9001CE933 /* Release */,
			);
			defaultConfigurationIsVisible = 0;
			defaultConfigurationName = Release;
		};
/* End XCConfigurationList section */
	};
	rootObject = 8E650EBF252DCCB4001CE933 /* Project object */;
}
